
Microsoft Visual Studio Solution File, Format Version 12.00
# Visual Studio Version 16
VisualStudioVersion = 16.0.29306.81
MinimumVisualStudioVersion = 10.0.40219.1
Project("{FAE04EC0-301F-11D3-BF4B-00C04F79EFBC}") = "LAb077", "LAb077.csproj", "{6DEBA208-D2FA-44E1-8E1F-710748B68DAA}"
EndProject
Global
	GlobalSection(SolutionConfigurationPlatforms) = preSolution
		Debug|Any CPU = Debug|Any CPU
		Release|Any CPU = Release|Any CPU
	EndGlobalSection
	GlobalSection(ProjectConfigurationPlatforms) = postSolution
		{6DEBA208-D2FA-44E1-8E1F-710748B68DAA}.Debug|Any CPU.ActiveCfg = Debug|Any CPU
		{6DEBA208-D2FA-44E1-8E1F-710748B68DAA}.Debug|Any CPU.Build.0 = Debug|Any CPU
		{6DEBA208-D2FA-44E1-8E1F-710748B68DAA}.Release|Any CPU.ActiveCfg = Release|Any CPU
		{6DEBA208-D2FA-44E1-8E1F-710748B68DAA}.Release|Any CPU.Build.0 = Release|Any CPU
	EndGlobalSection
	GlobalSection(SolutionProperties) = preSolution
		HideSolutionNode = FALSE
	EndGlobalSection
	GlobalSection(ExtensibilityGlobals) = postSolution
		SolutionGuid = {D972B080-86FE-41B7-BA8F-3F22675DF32A}
	EndGlobalSection
EndGlobal
